// !$*UTF8*$!
{
	archiveVersion = 1;
	classes = {
	};
	objectVersion = 46;
	objects = {

/* Begin PBXBuildFile section */
		246836AD1BC8054C0088C7A4 /* HomeTableViewController.swift in Sources */ = {isa = PBXBuildFile; fileRef = 246836AC1BC8054C0088C7A4 /* HomeTableViewController.swift */; settings = {ASSET_TAGS = (); }; };
		246836B11BC8056F0088C7A4 /* MessageTableViewController.swift in Sources */ = {isa = PBXBuildFile; fileRef = 246836B01BC8056F0088C7A4 /* MessageTableViewController.swift */; settings = {ASSET_TAGS = (); }; };
		246836B31BC8057B0088C7A4 /* ProfileTableViewController.swift in Sources */ = {isa = PBXBuildFile; fileRef = 246836B21BC8057B0088C7A4 /* ProfileTableViewController.swift */; settings = {ASSET_TAGS = (); }; };
		246836B51BC8058B0088C7A4 /* DiscoverTableViewController.swift in Sources */ = {isa = PBXBuildFile; fileRef = 246836B41BC8058B0088C7A4 /* DiscoverTableViewController.swift */; settings = {ASSET_TAGS = (); }; };
		246836B71BC8064F0088C7A4 /* MainTabBarController.swift in Sources */ = {isa = PBXBuildFile; fileRef = 246836B61BC8064F0088C7A4 /* MainTabBarController.swift */; settings = {ASSET_TAGS = (); }; };
		2480BBFE1BC819980028FBCA /* TSZTabBar.swift in Sources */ = {isa = PBXBuildFile; fileRef = 2480BBFD1BC819980028FBCA /* TSZTabBar.swift */; settings = {ASSET_TAGS = (); }; };
		24EB704B1BC708FE003E695B /* AppDelegate.swift in Sources */ = {isa = PBXBuildFile; fileRef = 24EB704A1BC708FE003E695B /* AppDelegate.swift */; };
		24EB70521BC708FE003E695B /* Assets.xcassets in Resources */ = {isa = PBXBuildFile; fileRef = 24EB70511BC708FE003E695B /* Assets.xcassets */; };
/* End PBXBuildFile section */

/* Begin PBXFileReference section */
		246836AC1BC8054C0088C7A4 /* HomeTableViewController.swift */ = {isa = PBXFileReference; fileEncoding = 4; lastKnownFileType = sourcecode.swift; path = HomeTableViewController.swift; sourceTree = "<group>"; };
		246836B01BC8056F0088C7A4 /* MessageTableViewController.swift */ = {isa = PBXFileReference; fileEncoding = 4; lastKnownFileType = sourcecode.swift; path = MessageTableViewController.swift; sourceTree = "<group>"; };
		246836B21BC8057B0088C7A4 /* ProfileTableViewController.swift */ = {isa = PBXFileReference; fileEncoding = 4; lastKnownFileType = sourcecode.swift; path = ProfileTableViewController.swift; sourceTree = "<group>"; };
		246836B41BC8058B0088C7A4 /* DiscoverTableViewController.swift */ = {isa = PBXFileReference; fileEncoding = 4; lastKnownFileType = sourcecode.swift; path = DiscoverTableViewController.swift; sourceTree = "<group>"; };
		246836B61BC8064F0088C7A4 /* MainTabBarController.swift */ = {isa = PBXFileReference; fileEncoding = 4; lastKnownFileType = sourcecode.swift; path = MainTabBarController.swift; sourceTree = "<group>"; };
		2480BBFD1BC819980028FBCA /* TSZTabBar.swift */ = {isa = PBXFileReference; fileEncoding = 4; lastKnownFileType = sourcecode.swift; path = TSZTabBar.swift; sourceTree = "<group>"; };
		24EB70471BC708FE003E695B /* 天下微博.app */ = {isa = PBXFileReference; explicitFileType = wrapper.application; includeInIndex = 0; path = "天下微博.app"; sourceTree = BUILT_PRODUCTS_DIR; };
		24EB704A1BC708FE003E695B /* AppDelegate.swift */ = {isa = PBXFileReference; lastKnownFileType = sourcecode.swift; path = AppDelegate.swift; sourceTree = "<group>"; };
		24EB70511BC708FE003E695B /* Assets.xcassets */ = {isa = PBXFileReference; lastKnownFileType = folder.assetcatalog; path = Assets.xcassets; sourceTree = "<group>"; };
		24EB70561BC708FE003E695B /* Info.plist */ = {isa = PBXFileReference; lastKnownFileType = text.plist.xml; path = Info.plist; sourceTree = "<group>"; };
/* End PBXFileReference section */

/* Begin PBXFrameworksBuildPhase section */
		24EB70441BC708FE003E695B /* Frameworks */ = {
			isa = PBXFrameworksBuildPhase;
			buildActionMask = 2147483647;
			files = (
			);
			runOnlyForDeploymentPostprocessing = 0;
		};
/* End PBXFrameworksBuildPhase section */

/* Begin PBXGroup section */
		246836A21BC801F90088C7A4 /* Classes */ = {
			isa = PBXGroup;
			children = (
				246836A31BC801F90088C7A4 /* FuncModule(功能模块) */,
				246836A91BC801F90088C7A4 /* Model(数据模型) */,
				246836AA1BC801F90088C7A4 /* Other(其他) */,
				246836AB1BC801F90088C7A4 /* Tools(工具) */,
			);
			path = Classes;
			sourceTree = "<group>";
		};
		246836A31BC801F90088C7A4 /* FuncModule(功能模块) */ = {
			isa = PBXGroup;
			children = (
				246836A41BC801F90088C7A4 /* Discover(发现) */,
				246836A51BC801F90088C7A4 /* Home(主页) */,
				246836A61BC801F90088C7A4 /* Main(主框架) */,
				246836A71BC801F90088C7A4 /* Message(消息) */,
				246836A81BC801F90088C7A4 /* Profile(个人简介) */,
			);
			path = "FuncModule(功能模块)";
			sourceTree = "<group>";
		};
		246836A41BC801F90088C7A4 /* Discover(发现) */ = {
			isa = PBXGroup;
			children = (
				246836B41BC8058B0088C7A4 /* DiscoverTableViewController.swift */,
			);
			path = "Discover(发现)";
			sourceTree = "<group>";
		};
		246836A51BC801F90088C7A4 /* Home(主页) */ = {
			isa = PBXGroup;
			children = (
				246836AC1BC8054C0088C7A4 /* HomeTableViewController.swift */,
			);
			path = "Home(主页)";
			sourceTree = "<group>";
		};
		246836A61BC801F90088C7A4 /* Main(主框架) */ = {
			isa = PBXGroup;
			children = (
				2480BBFC1BC818110028FBCA /* Views */,
				246836B61BC8064F0088C7A4 /* MainTabBarController.swift */,
			);
			path = "Main(主框架)";
			sourceTree = "<group>";
		};
		246836A71BC801F90088C7A4 /* Message(消息) */ = {
			isa = PBXGroup;
			children = (
				246836B01BC8056F0088C7A4 /* MessageTableViewController.swift */,
			);
			path = "Message(消息)";
			sourceTree = "<group>";
		};
		246836A81BC801F90088C7A4 /* Profile(个人简介) */ = {
			isa = PBXGroup;
			children = (
				246836B21BC8057B0088C7A4 /* ProfileTableViewController.swift */,
			);
			path = "Profile(个人简介)";
			sourceTree = "<group>";
		};
		246836A91BC801F90088C7A4 /* Model(数据模型) */ = {
			isa = PBXGroup;
			children = (
			);
			path = "Model(数据模型)";
			sourceTree = "<group>";
		};
		246836AA1BC801F90088C7A4 /* Other(其他) */ = {
			isa = PBXGroup;
			children = (
			);
			path = "Other(其他)";
			sourceTree = "<group>";
		};
		246836AB1BC801F90088C7A4 /* Tools(工具) */ = {
			isa = PBXGroup;
			children = (
			);
			path = "Tools(工具)";
			sourceTree = "<group>";
		};
		2480BBFC1BC818110028FBCA /* Views */ = {
			isa = PBXGroup;
			children = (
				2480BBFD1BC819980028FBCA /* TSZTabBar.swift */,
			);
			name = Views;
			sourceTree = "<group>";
		};
		24EB703E1BC708FE003E695B = {
			isa = PBXGroup;
			children = (
				24EB70491BC708FE003E695B /* 天下微博 */,
				24EB70481BC708FE003E695B /* Products */,
			);
			sourceTree = "<group>";
		};
		24EB70481BC708FE003E695B /* Products */ = {
			isa = PBXGroup;
			children = (
				24EB70471BC708FE003E695B /* 天下微博.app */,
			);
			name = Products;
			sourceTree = "<group>";
		};
		24EB70491BC708FE003E695B /* 天下微博 */ = {
			isa = PBXGroup;
			children = (
				246836A21BC801F90088C7A4 /* Classes */,
				24EB704A1BC708FE003E695B /* AppDelegate.swift */,
				24EB70511BC708FE003E695B /* Assets.xcassets */,
				24EB70561BC708FE003E695B /* Info.plist */,
			);
			path = "天下微博";
			sourceTree = "<group>";
		};
/* End PBXGroup section */

/* Begin PBXNativeTarget section */
		24EB70461BC708FE003E695B /* 天下微博 */ = {
			isa = PBXNativeTarget;
			buildConfigurationList = 24EB70591BC708FE003E695B /* Build configuration list for PBXNativeTarget "天下微博" */;
			buildPhases = (
				24EB70431BC708FE003E695B /* Sources */,
				24EB70441BC708FE003E695B /* Frameworks */,
				24EB70451BC708FE003E695B /* Resources */,
			);
			buildRules = (
			);
			dependencies = (
			);
			name = "天下微博";
			productName = "天下微博";
			productReference = 24EB70471BC708FE003E695B /* 天下微博.app */;
			productType = "com.apple.product-type.application";
		};
/* End PBXNativeTarget section */

/* Begin PBXProject section */
		24EB703F1BC708FE003E695B /* Project object */ = {
			isa = PBXProject;
			attributes = {
				CLASSPREFIX = TSZ;
				LastUpgradeCheck = 0700;
				ORGANIZATIONNAME = Tsz;
				TargetAttributes = {
					24EB70461BC708FE003E695B = {
						CreatedOnToolsVersion = 7.0;
					};
				};
			};
			buildConfigurationList = 24EB70421BC708FE003E695B /* Build configuration list for PBXProject "天下微博" */;
			compatibilityVersion = "Xcode 3.2";
			developmentRegion = English;
			hasScannedForEncodings = 0;
			knownRegions = (
				en,
				Base,
			);
			mainGroup = 24EB703E1BC708FE003E695B;
			productRefGroup = 24EB70481BC708FE003E695B /* Products */;
			projectDirPath = "";
			projectRoot = "";
			targets = (
				24EB70461BC708FE003E695B /* 天下微博 */,
			);
		};
/* End PBXProject section */

/* Begin PBXResourcesBuildPhase section */
		24EB70451BC708FE003E695B /* Resources */ = {
			isa = PBXResourcesBuildPhase;
			buildActionMask = 2147483647;
			files = (
				24EB70521BC708FE003E695B /* Assets.xcassets in Resources */,
			);
			runOnlyForDeploymentPostprocessing = 0;
		};
/* End PBXResourcesBuildPhase section */

/* Begin PBXSourcesBuildPhase section */
		24EB70431BC708FE003E695B /* Sources */ = {
			isa = PBXSourcesBuildPhase;
			buildActionMask = 2147483647;
			files = (
				246836AD1BC8054C0088C7A4 /* HomeTableViewController.swift in Sources */,
				246836B31BC8057B0088C7A4 /* ProfileTableViewController.swift in Sources */,
				246836B71BC8064F0088C7A4 /* MainTabBarController.swift in Sources */,
				246836B11BC8056F0088C7A4 /* MessageTableViewController.swift in Sources */,
				246836B51BC8058B0088C7A4 /* DiscoverTableViewController.swift in Sources */,
				24EB704B1BC708FE003E695B /* AppDelegate.swift in Sources */,
				2480BBFE1BC819980028FBCA /* TSZTabBar.swift in Sources */,
			);
			runOnlyForDeploymentPostprocessing = 0;
		};
/* End PBXSourcesBuildPhase section */

/* Begin XCBuildConfiguration section */
		24EB70571BC708FE003E695B /* Debug */ = {
			isa = XCBuildConfiguration;
			buildSettings = {
				ALWAYS_SEARCH_USER_PATHS = NO;
				CLANG_CXX_LANGUAGE_STANDARD = "gnu++0x";
				CLANG_CXX_LIBRARY = "libc++";
				CLANG_ENABLE_MODULES = YES;
				CLANG_ENABLE_OBJC_ARC = YES;
				CLANG_WARN_BOOL_CONVERSION = YES;
				CLANG_WARN_CONSTANT_CONVERSION = YES;
				CLANG_WARN_DIRECT_OBJC_ISA_USAGE = YES_ERROR;
				CLANG_WARN_EMPTY_BODY = YES;
				CLANG_WARN_ENUM_CONVERSION = YES;
				CLANG_WARN_INT_CONVERSION = YES;
				CLANG_WARN_OBJC_ROOT_CLASS = YES_ERROR;
				CLANG_WARN_UNREACHABLE_CODE = YES;
				CLANG_WARN__DUPLICATE_METHOD_MATCH = YES;
				"CODE_SIGN_IDENTITY[sdk=iphoneos*]" = "iPhone Developer";
				COPY_PHASE_STRIP = NO;
				DEBUG_INFORMATION_FORMAT = dwarf;
				ENABLE_STRICT_OBJC_MSGSEND = YES;
				ENABLE_TESTABILITY = YES;
				GCC_C_LANGUAGE_STANDARD = gnu99;
				GCC_DYNAMIC_NO_PIC = NO;
				GCC_NO_COMMON_BLOCKS = YES;
				GCC_OPTIMIZATION_LEVEL = 0;
				GCC_PREPROCESSOR_DEFINITIONS = (
					"DEBUG=1",
					"$(inherited)",
				);
				GCC_WARN_64_TO_32_BIT_CONVERSION = YES;
				GCC_WARN_ABOUT_RETURN_TYPE = YES_ERROR;
				GCC_WARN_UNDECLARED_SELECTOR = YES;
				GCC_WARN_UNINITIALIZED_AUTOS = YES_AGGRESSIVE;
				GCC_WARN_UNUSED_FUNCTION = YES;
				GCC_WARN_UNUSED_VARIABLE = YES;
				IPHONEOS_DEPLOYMENT_TARGET = 9.0;
				MTL_ENABLE_DEBUG_INFO = YES;
				ONLY_ACTIVE_ARCH = YES;
				SDKROOT = iphoneos;
				SWIFT_OPTIMIZATION_LEVEL = "-Onone";
				TARGETED_DEVICE_FAMILY = "1,2";
			};
			name = Debug;
		};
		24EB70581BC708FE003E695B /* Release */ = {
			isa = XCBuildConfiguration;
			buildSettings = {
				ALWAYS_SEARCH_USER_PATHS = NO;
				CLANG_CXX_LANGUAGE_STANDARD = "gnu++0x";
				CLANG_CXX_LIBRARY = "libc++";
				CLANG_ENABLE_MODULES = YES;
				CLANG_ENABLE_OBJC_ARC = YES;
				CLANG_WARN_BOOL_CONVERSION = YES;
				CLANG_WARN_CONSTANT_CONVERSION = YES;
				CLANG_WARN_DIRECT_OBJC_ISA_USAGE = YES_ERROR;
				CLANG_WARN_EMPTY_BODY = YES;
				CLANG_WARN_ENUM_CONVERSION = YES;
				CLANG_WARN_INT_CONVERSION = YES;
				CLANG_WARN_OBJC_ROOT_CLASS = YES_ERROR;
				CLANG_WARN_UNREACHABLE_CODE = YES;
				CLANG_WARN__DUPLICATE_METHOD_MATCH = YES;
				"CODE_SIGN_IDENTITY[sdk=iphoneos*]" = "iPhone Developer";
				COPY_PHASE_STRIP = NO;
				DEBUG_INFORMATION_FORMAT = "dwarf-with-dsym";
				ENABLE_NS_ASSERTIONS = NO;
				ENABLE_STRICT_OBJC_MSGSEND = YES;
				GCC_C_LANGUAGE_STANDARD = gnu99;
				GCC_NO_COMMON_BLOCKS = YES;
				GCC_WARN_64_TO_32_BIT_CONVERSION = YES;
				GCC_WARN_ABOUT_RETURN_TYPE = YES_ERROR;
				GCC_WARN_UNDECLARED_SELECTOR = YES;
				GCC_WARN_UNINITIALIZED_AUTOS = YES_AGGRESSIVE;
				GCC_WARN_UNUSED_FUNCTION = YES;
				GCC_WARN_UNUSED_VARIABLE = YES;
				IPHONEOS_DEPLOYMENT_TARGET = 9.0;
				MTL_ENABLE_DEBUG_INFO = NO;
				SDKROOT = iphoneos;
				TARGETED_DEVICE_FAMILY = "1,2";
				VALIDATE_PRODUCT = YES;
			};
			name = Release;
		};
		24EB705A1BC708FE003E695B /* Debug */ = {
			isa = XCBuildConfiguration;
			buildSettings = {
				ASSETCATALOG_COMPILER_APPICON_NAME = AppIcon;
				ASSETCATALOG_COMPILER_LAUNCHIMAGE_NAME = BrandAsset;
				INFOPLIST_FILE = "天下微博/Info.plist";
				LD_RUNPATH_SEARCH_PATHS = "$(inherited) @executable_path/Frameworks";
				PRODUCT_BUNDLE_IDENTIFIER = "tsz.----";
				PRODUCT_NAME = "$(TARGET_NAME)";
			};
			name = Debug;
		};
		24EB705B1BC708FE003E695B /* Release */ = {
			isa = XCBuildConfiguration;
			buildSettings = {
				ASSETCATALOG_COMPILER_APPICON_NAME = AppIcon;
				ASSETCATALOG_COMPILER_LAUNCHIMAGE_NAME = BrandAsset;
				INFOPLIST_FILE = "天下微博/Info.plist";
				LD_RUNPATH_SEARCH_PATHS = "$(inherited) @executable_path/Frameworks";
				PRODUCT_BUNDLE_IDENTIFIER = "tsz.----";
				PRODUCT_NAME = "$(TARGET_NAME)";
			};
			name = Release;
		};
/* End XCBuildConfiguration section */

/* Begin XCConfigurationList section */
		24EB70421BC708FE003E695B /* Build configuration list for PBXProject "天下微博" */ = {
			isa = XCConfigurationList;
			buildConfigurations = (
				24EB70571BC708FE003E695B /* Debug */,
				24EB70581BC708FE003E695B /* Release */,
			);
			defaultConfigurationIsVisible = 0;
			defaultConfigurationName = Release;
		};
		24EB70591BC708FE003E695B /* Build configuration list for PBXNativeTarget "天下微博" */ = {
			isa = XCConfigurationList;
			buildConfigurations = (
				24EB705A1BC708FE003E695B /* Debug */,
				24EB705B1BC708FE003E695B /* Release */,
			);
			defaultConfigurationIsVisible = 0;
			defaultConfigurationName = Release;
		};
/* End XCConfigurationList section */
	};
	rootObject = 24EB703F1BC708FE003E695B /* Project object */;
}
